
Microsoft Visual Studio Solution File, Format Version 12.00
# Visual Studio Version 16
VisualStudioVersion = 16.0.30717.126
MinimumVisualStudioVersion = 10.0.40219.1
Project("{9A19103F-16F7-4668-BE54-9A1E7A4F7556}") = "dotnet5781_01_4850_7515", "dotnet5781_01_4850_7515\dotnet5781_01_4850_7515.csproj", "{8AA2B21C-706D-4C9C-B176-2800C1BCDFDA}"
EndProject
Project("{9A19103F-16F7-4668-BE54-9A1E7A4F7556}") = "dotNet5781_02_4850_7515", "dotNet5781_02_4850_7515\dotNet5781_02_4850_7515.csproj", "{6EDF92AB-BD77-4036-984C-9ED3820BA4B0}"
EndProject
Project("{FAE04EC0-301F-11D3-BF4B-00C04F79EFBC}") = "dotnet-5781_03.1_4850_7515", "dotnet-5781_03.1\dotnet-5781_03.1_4850_7515.csproj", "{F3102B7E-5C53-4485-BB8F-C35BF6F10209}"
EndProject
Project("{2150E333-8FDC-42A3-9474-1A3956D46DE8}") = "Solution Items", "Solution Items", "{84B182B5-BFD3-46A5-9858-7010F52D4342}"
	ProjectSection(SolutionItems) = preProject
		.editorconfig = .editorconfig
	EndProjectSection
EndProject
Project("{9A19103F-16F7-4668-BE54-9A1E7A4F7556}") = "DS", "DS\DS.csproj", "{8A33AB15-8B0E-47E6-AE39-47D6D621B626}"
EndProject
Project("{9A19103F-16F7-4668-BE54-9A1E7A4F7556}") = "BL", "BL\BL.csproj", "{FA73A635-96DA-465E-83E9-1C0829F8A690}"
EndProject
Project("{FAE04EC0-301F-11D3-BF4B-00C04F79EFBC}") = "PL", "WpfApp1\PL.csproj", "{9DCF1235-38C6-43C0-B1F9-0E98C5A5F894}"
EndProject
Project("{FAE04EC0-301F-11D3-BF4B-00C04F79EFBC}") = "dotnet-5781_03.2.1_4850_7515", "dotnet-5781_03.2.1_4850_7515\dotnet-5781_03.2.1_4850_7515.csproj", "{4A3CEC6F-1F8B-4D7F-B79C-C5D3A35ADACB}"
EndProject
Global
	GlobalSection(SolutionConfigurationPlatforms) = preSolution
		Debug|Any CPU = Debug|Any CPU
		Release|Any CPU = Release|Any CPU
	EndGlobalSection
	GlobalSection(ProjectConfigurationPlatforms) = postSolution
		{8AA2B21C-706D-4C9C-B176-2800C1BCDFDA}.Debug|Any CPU.ActiveCfg = Debug|Any CPU
		{8AA2B21C-706D-4C9C-B176-2800C1BCDFDA}.Debug|Any CPU.Build.0 = Debug|Any CPU
		{8AA2B21C-706D-4C9C-B176-2800C1BCDFDA}.Release|Any CPU.ActiveCfg = Release|Any CPU
		{8AA2B21C-706D-4C9C-B176-2800C1BCDFDA}.Release|Any CPU.Build.0 = Release|Any CPU
		{6EDF92AB-BD77-4036-984C-9ED3820BA4B0}.Debug|Any CPU.ActiveCfg = Debug|Any CPU
		{6EDF92AB-BD77-4036-984C-9ED3820BA4B0}.Debug|Any CPU.Build.0 = Debug|Any CPU
		{6EDF92AB-BD77-4036-984C-9ED3820BA4B0}.Release|Any CPU.ActiveCfg = Release|Any CPU
		{6EDF92AB-BD77-4036-984C-9ED3820BA4B0}.Release|Any CPU.Build.0 = Release|Any CPU
		{F3102B7E-5C53-4485-BB8F-C35BF6F10209}.Debug|Any CPU.ActiveCfg = Debug|Any CPU
		{F3102B7E-5C53-4485-BB8F-C35BF6F10209}.Debug|Any CPU.Build.0 = Debug|Any CPU
		{F3102B7E-5C53-4485-BB8F-C35BF6F10209}.Release|Any CPU.ActiveCfg = Release|Any CPU
		{F3102B7E-5C53-4485-BB8F-C35BF6F10209}.Release|Any CPU.Build.0 = Release|Any CPU
		{8A33AB15-8B0E-47E6-AE39-47D6D621B626}.Debug|Any CPU.ActiveCfg = Debug|Any CPU
		{8A33AB15-8B0E-47E6-AE39-47D6D621B626}.Debug|Any CPU.Build.0 = Debug|Any CPU
		{8A33AB15-8B0E-47E6-AE39-47D6D621B626}.Release|Any CPU.ActiveCfg = Release|Any CPU
		{8A33AB15-8B0E-47E6-AE39-47D6D621B626}.Release|Any CPU.Build.0 = Release|Any CPU
		{FA73A635-96DA-465E-83E9-1C0829F8A690}.Debug|Any CPU.ActiveCfg = Debug|Any CPU
		{FA73A635-96DA-465E-83E9-1C0829F8A690}.Debug|Any CPU.Build.0 = Debug|Any CPU
		{FA73A635-96DA-465E-83E9-1C0829F8A690}.Release|Any CPU.ActiveCfg = Release|Any CPU
		{FA73A635-96DA-465E-83E9-1C0829F8A690}.Release|Any CPU.Build.0 = Release|Any CPU
		{9DCF1235-38C6-43C0-B1F9-0E98C5A5F894}.Debug|Any CPU.ActiveCfg = Debug|Any CPU
		{9DCF1235-38C6-43C0-B1F9-0E98C5A5F894}.Debug|Any CPU.Build.0 = Debug|Any CPU
		{9DCF1235-38C6-43C0-B1F9-0E98C5A5F894}.Release|Any CPU.ActiveCfg = Release|Any CPU
		{9DCF1235-38C6-43C0-B1F9-0E98C5A5F894}.Release|Any CPU.Build.0 = Release|Any CPU
		{4A3CEC6F-1F8B-4D7F-B79C-C5D3A35ADACB}.Debug|Any CPU.ActiveCfg = Debug|Any CPU
		{4A3CEC6F-1F8B-4D7F-B79C-C5D3A35ADACB}.Debug|Any CPU.Build.0 = Debug|Any CPU
		{4A3CEC6F-1F8B-4D7F-B79C-C5D3A35ADACB}.Release|Any CPU.ActiveCfg = Release|Any CPU
		{4A3CEC6F-1F8B-4D7F-B79C-C5D3A35ADACB}.Release|Any CPU.Build.0 = Release|Any CPU
	EndGlobalSection
	GlobalSection(SolutionProperties) = preSolution
		HideSolutionNode = FALSE
	EndGlobalSection
	GlobalSection(ExtensibilityGlobals) = postSolution
		SolutionGuid = {8CBF0137-33F2-444B-A0CA-EB80CC712CC0}
	EndGlobalSection
EndGlobal
